// !$*UTF8*$!
{
	archiveVersion = 1;
	classes = {
	};
	objectVersion = 77;
	objects = {

/* Begin PBXBuildFile section */
		681BE9A52DF2F26A004F7725 /* Vapor in Frameworks */ = {isa = PBXBuildFile; productRef = 681BE9A42DF2F26A004F7725 /* Vapor */; };
		681BE9B92DF51315004F7725 /* MCP in Frameworks */ = {isa = PBXBuildFile; productRef = 681BE9B82DF51315004F7725 /* MCP */; };
		681BE9BB2DF51578004F7725 /* Vapor in Frameworks */ = {isa = PBXBuildFile; productRef = 681BE9BA2DF51578004F7725 /* Vapor */; };
		681BE9BD2DF515C3004F7725 /* Vapor in Frameworks */ = {isa = PBXBuildFile; productRef = 681BE9BC2DF515C3004F7725 /* Vapor */; };
		6837DB752D5309300081A040 /* Turbo9Sim in Frameworks */ = {isa = PBXBuildFile; productRef = 6837DB742D5309300081A040 /* Turbo9Sim */; };
		689C2FE92D7B556A00B1952E /* CocoaLumberjack in Frameworks */ = {isa = PBXBuildFile; productRef = 689C2FE82D7B556A00B1952E /* CocoaLumberjack */; };
		689C2FEB2D7B556A00B1952E /* CocoaLumberjackSwift in Frameworks */ = {isa = PBXBuildFile; productRef = 689C2FEA2D7B556A00B1952E /* CocoaLumberjackSwift */; };
		689C2FED2D7B556A00B1952E /* CocoaLumberjackSwiftLogBackend in Frameworks */ = {isa = PBXBuildFile; productRef = 689C2FEC2D7B556A00B1952E /* CocoaLumberjackSwiftLogBackend */; };
		68BF43B42D7DB52500F3B3A8 /* Turbo9Sim in Frameworks */ = {isa = PBXBuildFile; productRef = 68BF43B32D7DB52500F3B3A8 /* Turbo9Sim */; };
/* End PBXBuildFile section */

/* Begin PBXContainerItemProxy section */
		6888AC052D413EA2004DC040 /* PBXContainerItemProxy */ = {
			isa = PBXContainerItemProxy;
			containerPortal = 6888ABEB2D413E9F004DC040 /* Project object */;
			proxyType = 1;
			remoteGlobalIDString = 6888ABF22D413E9F004DC040;
			remoteInfo = SwiftTurbo9;
		};
		6888AC0F2D413EA2004DC040 /* PBXContainerItemProxy */ = {
			isa = PBXContainerItemProxy;
			containerPortal = 6888ABEB2D413E9F004DC040 /* Project object */;
			proxyType = 1;
			remoteGlobalIDString = 6888ABF22D413E9F004DC040;
			remoteInfo = SwiftTurbo9;
		};
/* End PBXContainerItemProxy section */

/* Begin PBXCopyFilesBuildPhase section */
		681BE9AE2DF5123E004F7725 /* CopyFiles */ = {
			isa = PBXCopyFilesBuildPhase;
			buildActionMask = 2147483647;
			dstPath = /usr/share/man/man1/;
			dstSubfolderSpec = 0;
			files = (
			);
			runOnlyForDeploymentPostprocessing = 1;
		};
		68BF43A92D7DB50C00F3B3A8 /* Copy Files */ = {
			isa = PBXCopyFilesBuildPhase;
			buildActionMask = 2147483647;
			dstPath = /usr/share/man/man1/;
			dstSubfolderSpec = 0;
			files = (
			);
			name = "Copy Files";
			runOnlyForDeploymentPostprocessing = 1;
		};
/* End PBXCopyFilesBuildPhase section */

/* Begin PBXFileReference section */
		681BE9B02DF5123E004F7725 /* hyper9-mcp-server */ = {isa = PBXFileReference; explicitFileType = "compiled.mach-o.executable"; includeInIndex = 0; path = "hyper9-mcp-server"; sourceTree = BUILT_PRODUCTS_DIR; };
		6838F59B2DE6710C007577CF /* README.md */ = {isa = PBXFileReference; lastKnownFileType = net.daringfireball.markdown; path = README.md; sourceTree = "<group>"; };
		68440D692DA2C88800890262 /* Hyper9.xctestplan */ = {isa = PBXFileReference; lastKnownFileType = text; path = Hyper9.xctestplan; sourceTree = "<group>"; };
		684F6DC92D60CB3200EF4315 /* Turbo9.pxd */ = {isa = PBXFileReference; lastKnownFileType = file; path = Turbo9.pxd; sourceTree = "<group>"; };
		6888ABF32D413E9F004DC040 /* Hyper9.app */ = {isa = PBXFileReference; explicitFileType = wrapper.application; includeInIndex = 0; path = Hyper9.app; sourceTree = BUILT_PRODUCTS_DIR; };
		6888AC042D413EA2004DC040 /* Hyper9Tests.xctest */ = {isa = PBXFileReference; explicitFileType = wrapper.cfbundle; includeInIndex = 0; path = Hyper9Tests.xctest; sourceTree = BUILT_PRODUCTS_DIR; };
		6888AC0E2D413EA2004DC040 /* Hyper9UITests.xctest */ = {isa = PBXFileReference; explicitFileType = wrapper.cfbundle; includeInIndex = 0; path = Hyper9UITests.xctest; sourceTree = BUILT_PRODUCTS_DIR; };
		68BF43AB2D7DB50C00F3B3A8 /* hyper9-cmd */ = {isa = PBXFileReference; explicitFileType = "compiled.mach-o.executable"; includeInIndex = 0; path = "hyper9-cmd"; sourceTree = BUILT_PRODUCTS_DIR; };
/* End PBXFileReference section */

/* Begin PBXFileSystemSynchronizedRootGroup section */
		681BE9B12DF5123E004F7725 /* hyper9-mcp-server */ = {
			isa = PBXFileSystemSynchronizedRootGroup;
			path = "hyper9-mcp-server";
			sourceTree = "<group>";
		};
		6888ABF52D413E9F004DC040 /* Hyper9 */ = {
			isa = PBXFileSystemSynchronizedRootGroup;
			path = Hyper9;
			sourceTree = "<group>";
		};
		6888AC072D413EA2004DC040 /* Hyper9Tests */ = {
			isa = PBXFileSystemSynchronizedRootGroup;
			path = Hyper9Tests;
			sourceTree = "<group>";
		};
		6888AC112D413EA2004DC040 /* Hyper9UITests */ = {
			isa = PBXFileSystemSynchronizedRootGroup;
			path = Hyper9UITests;
			sourceTree = "<group>";
		};
		68BF43AC2D7DB50C00F3B3A8 /* hyper9-cmd */ = {
			isa = PBXFileSystemSynchronizedRootGroup;
			path = "hyper9-cmd";
			sourceTree = "<group>";
		};
/* End PBXFileSystemSynchronizedRootGroup section */

/* Begin PBXFrameworksBuildPhase section */
		681BE9AD2DF5123E004F7725 /* Frameworks */ = {
			isa = PBXFrameworksBuildPhase;
			buildActionMask = 2147483647;
			files = (
				681BE9B92DF51315004F7725 /* MCP in Frameworks */,
				681BE9BB2DF51578004F7725 /* Vapor in Frameworks */,
			);
			runOnlyForDeploymentPostprocessing = 0;
		};
		6888ABF02D413E9F004DC040 /* Frameworks */ = {
			isa = PBXFrameworksBuildPhase;
			buildActionMask = 2147483647;
			files = (
				689C2FE92D7B556A00B1952E /* CocoaLumberjack in Frameworks */,
				6837DB752D5309300081A040 /* Turbo9Sim in Frameworks */,
				689C2FED2D7B556A00B1952E /* CocoaLumberjackSwiftLogBackend in Frameworks */,
				681BE9A52DF2F26A004F7725 /* Vapor in Frameworks */,
				689C2FEB2D7B556A00B1952E /* CocoaLumberjackSwift in Frameworks */,
			);
			runOnlyForDeploymentPostprocessing = 0;
		};
		6888AC012D413EA2004DC040 /* Frameworks */ = {
			isa = PBXFrameworksBuildPhase;
			buildActionMask = 2147483647;
			files = (
			);
			runOnlyForDeploymentPostprocessing = 0;
		};
		6888AC0B2D413EA2004DC040 /* Frameworks */ = {
			isa = PBXFrameworksBuildPhase;
			buildActionMask = 2147483647;
			files = (
			);
			runOnlyForDeploymentPostprocessing = 0;
		};
		68BF43A82D7DB50C00F3B3A8 /* Frameworks */ = {
			isa = PBXFrameworksBuildPhase;
			buildActionMask = 2147483647;
			files = (
				68BF43B42D7DB52500F3B3A8 /* Turbo9Sim in Frameworks */,
				681BE9BD2DF515C3004F7725 /* Vapor in Frameworks */,
			);
			runOnlyForDeploymentPostprocessing = 0;
		};
/* End PBXFrameworksBuildPhase section */

/* Begin PBXGroup section */
		6888ABEA2D413E9F004DC040 = {
			isa = PBXGroup;
			children = (
				6838F59B2DE6710C007577CF /* README.md */,
				68440D692DA2C88800890262 /* Hyper9.xctestplan */,
				684F6DC92D60CB3200EF4315 /* Turbo9.pxd */,
				6888ABF52D413E9F004DC040 /* Hyper9 */,
				6888AC072D413EA2004DC040 /* Hyper9Tests */,
				6888AC112D413EA2004DC040 /* Hyper9UITests */,
				68BF43AC2D7DB50C00F3B3A8 /* hyper9-cmd */,
				681BE9B12DF5123E004F7725 /* hyper9-mcp-server */,
				68BF43B22D7DB52500F3B3A8 /* Frameworks */,
				6888ABF42D413E9F004DC040 /* Products */,
			);
			sourceTree = "<group>";
		};
		6888ABF42D413E9F004DC040 /* Products */ = {
			isa = PBXGroup;
			children = (
				6888ABF32D413E9F004DC040 /* Hyper9.app */,
				6888AC042D413EA2004DC040 /* Hyper9Tests.xctest */,
				6888AC0E2D413EA2004DC040 /* Hyper9UITests.xctest */,
				68BF43AB2D7DB50C00F3B3A8 /* hyper9-cmd */,
				681BE9B02DF5123E004F7725 /* hyper9-mcp-server */,
			);
			name = Products;
			sourceTree = "<group>";
		};
		68BF43B22D7DB52500F3B3A8 /* Frameworks */ = {
			isa = PBXGroup;
			children = (
			);
			name = Frameworks;
			sourceTree = "<group>";
		};
/* End PBXGroup section */

/* Begin PBXNativeTarget section */
		681BE9AF2DF5123E004F7725 /* hyper9-mcp-server */ = {
			isa = PBXNativeTarget;
			buildConfigurationList = 681BE9B42DF5123E004F7725 /* Build configuration list for PBXNativeTarget "hyper9-mcp-server" */;
			buildPhases = (
				681BE9AC2DF5123E004F7725 /* Sources */,
				681BE9AD2DF5123E004F7725 /* Frameworks */,
				681BE9AE2DF5123E004F7725 /* CopyFiles */,
				681BE9C02DF5A957004F7725 /* ShellScript */,
			);
			buildRules = (
			);
			dependencies = (
			);
			fileSystemSynchronizedGroups = (
				681BE9B12DF5123E004F7725 /* hyper9-mcp-server */,
			);
			name = "hyper9-mcp-server";
			packageProductDependencies = (
				681BE9B82DF51315004F7725 /* MCP */,
				681BE9BA2DF51578004F7725 /* Vapor */,
			);
			productName = "hyper9-mcp-server";
			productReference = 681BE9B02DF5123E004F7725 /* hyper9-mcp-server */;
			productType = "com.apple.product-type.tool";
		};
		6888ABF22D413E9F004DC040 /* Hyper9 */ = {
			isa = PBXNativeTarget;
			buildConfigurationList = 6888AC182D413EA2004DC040 /* Build configuration list for PBXNativeTarget "Hyper9" */;
			buildPhases = (
				6888ABEF2D413E9F004DC040 /* Sources */,
				6888ABF02D413E9F004DC040 /* Frameworks */,
				6888ABF12D413E9F004DC040 /* Resources */,
			);
			buildRules = (
			);
			dependencies = (
			);
			fileSystemSynchronizedGroups = (
				6888ABF52D413E9F004DC040 /* Hyper9 */,
			);
			name = Hyper9;
			packageProductDependencies = (
				6837DB742D5309300081A040 /* Turbo9Sim */,
				689C2FE82D7B556A00B1952E /* CocoaLumberjack */,
				689C2FEA2D7B556A00B1952E /* CocoaLumberjackSwift */,
				689C2FEC2D7B556A00B1952E /* CocoaLumberjackSwiftLogBackend */,
				681BE9A42DF2F26A004F7725 /* Vapor */,
			);
			productName = SwiftTurbo9;
			productReference = 6888ABF32D413E9F004DC040 /* Hyper9.app */;
			productType = "com.apple.product-type.application";
		};
		6888AC032D413EA2004DC040 /* Hyper9Tests */ = {
			isa = PBXNativeTarget;
			buildConfigurationList = 6888AC1B2D413EA2004DC040 /* Build configuration list for PBXNativeTarget "Hyper9Tests" */;
			buildPhases = (
				6888AC002D413EA2004DC040 /* Sources */,
				6888AC012D413EA2004DC040 /* Frameworks */,
				6888AC022D413EA2004DC040 /* Resources */,
			);
			buildRules = (
			);
			dependencies = (
				6888AC062D413EA2004DC040 /* PBXTargetDependency */,
			);
			fileSystemSynchronizedGroups = (
				6888AC072D413EA2004DC040 /* Hyper9Tests */,
			);
			name = Hyper9Tests;
			packageProductDependencies = (
			);
			productName = SwiftTurbo9Tests;
			productReference = 6888AC042D413EA2004DC040 /* Hyper9Tests.xctest */;
			productType = "com.apple.product-type.bundle.unit-test";
		};
		6888AC0D2D413EA2004DC040 /* Hyper9UITests */ = {
			isa = PBXNativeTarget;
			buildConfigurationList = 6888AC1E2D413EA2004DC040 /* Build configuration list for PBXNativeTarget "Hyper9UITests" */;
			buildPhases = (
				6888AC0A2D413EA2004DC040 /* Sources */,
				6888AC0B2D413EA2004DC040 /* Frameworks */,
				6888AC0C2D413EA2004DC040 /* Resources */,
			);
			buildRules = (
			);
			dependencies = (
				6888AC102D413EA2004DC040 /* PBXTargetDependency */,
			);
			fileSystemSynchronizedGroups = (
				6888AC112D413EA2004DC040 /* Hyper9UITests */,
			);
			name = Hyper9UITests;
			packageProductDependencies = (
			);
			productName = SwiftTurbo9UITests;
			productReference = 6888AC0E2D413EA2004DC040 /* Hyper9UITests.xctest */;
			productType = "com.apple.product-type.bundle.ui-testing";
		};
		68BF43AA2D7DB50C00F3B3A8 /* hyper9-cmd */ = {
			isa = PBXNativeTarget;
			buildConfigurationList = 68BF43AF2D7DB50C00F3B3A8 /* Build configuration list for PBXNativeTarget "hyper9-cmd" */;
			buildPhases = (
				68BF43A72D7DB50C00F3B3A8 /* Sources */,
				68BF43A82D7DB50C00F3B3A8 /* Frameworks */,
				68BF43A92D7DB50C00F3B3A8 /* Copy Files */,
			);
			buildRules = (
			);
			dependencies = (
			);
			fileSystemSynchronizedGroups = (
				68BF43AC2D7DB50C00F3B3A8 /* hyper9-cmd */,
			);
			name = "hyper9-cmd";
			packageProductDependencies = (
				68BF43B32D7DB52500F3B3A8 /* Turbo9Sim */,
				681BE9BC2DF515C3004F7725 /* Vapor */,
			);
			productName = "hyper9-cmd";
			productReference = 68BF43AB2D7DB50C00F3B3A8 /* hyper9-cmd */;
			productType = "com.apple.product-type.tool";
		};
/* End PBXNativeTarget section */

/* Begin PBXProject section */
		6888ABEB2D413E9F004DC040 /* Project object */ = {
			isa = PBXProject;
			attributes = {
				BuildIndependentTargetsInParallel = 1;
				LastSwiftUpdateCheck = 1620;
				LastUpgradeCheck = 1630;
				TargetAttributes = {
					681BE9AF2DF5123E004F7725 = {
						CreatedOnToolsVersion = 16.2;
					};
					6888ABF22D413E9F004DC040 = {
						CreatedOnToolsVersion = 16.2;
					};
					6888AC032D413EA2004DC040 = {
						CreatedOnToolsVersion = 16.2;
						TestTargetID = 6888ABF22D413E9F004DC040;
					};
					6888AC0D2D413EA2004DC040 = {
						CreatedOnToolsVersion = 16.2;
						TestTargetID = 6888ABF22D413E9F004DC040;
					};
					68BF43AA2D7DB50C00F3B3A8 = {
						CreatedOnToolsVersion = 16.3;
					};
				};
			};
			buildConfigurationList = 6888ABEE2D413E9F004DC040 /* Build configuration list for PBXProject "Hyper9" */;
			developmentRegion = en;
			hasScannedForEncodings = 0;
			knownRegions = (
				en,
				Base,
			);
			mainGroup = 6888ABEA2D413E9F004DC040;
			minimizedProjectReferenceProxies = 1;
			packageReferences = (
				6837DB732D5309300081A040 /* XCLocalSwiftPackageReference "SwiftTurbo9/Turbo9Sim" */,
				689C2FE72D7B556A00B1952E /* XCRemoteSwiftPackageReference "CocoaLumberjack" */,
				681BE9A32DF2F26A004F7725 /* XCRemoteSwiftPackageReference "vapor" */,
				681BE9B72DF51315004F7725 /* XCRemoteSwiftPackageReference "swift-sdk" */,
			);
			preferredProjectObjectVersion = 77;
			productRefGroup = 6888ABF42D413E9F004DC040 /* Products */;
			projectDirPath = "";
			projectRoot = "";
			targets = (
				6888ABF22D413E9F004DC040 /* Hyper9 */,
				6888AC032D413EA2004DC040 /* Hyper9Tests */,
				6888AC0D2D413EA2004DC040 /* Hyper9UITests */,
				68BF43AA2D7DB50C00F3B3A8 /* hyper9-cmd */,
				681BE9AF2DF5123E004F7725 /* hyper9-mcp-server */,
			);
		};
/* End PBXProject section */

/* Begin PBXResourcesBuildPhase section */
		6888ABF12D413E9F004DC040 /* Resources */ = {
			isa = PBXResourcesBuildPhase;
			buildActionMask = 2147483647;
			files = (
			);
			runOnlyForDeploymentPostprocessing = 0;
		};
		6888AC022D413EA2004DC040 /* Resources */ = {
			isa = PBXResourcesBuildPhase;
			buildActionMask = 2147483647;
			files = (
			);
			runOnlyForDeploymentPostprocessing = 0;
		};
		6888AC0C2D413EA2004DC040 /* Resources */ = {
			isa = PBXResourcesBuildPhase;
			buildActionMask = 2147483647;
			files = (
			);
			runOnlyForDeploymentPostprocessing = 0;
		};
/* End PBXResourcesBuildPhase section */

/* Begin PBXShellScriptBuildPhase section */
		681BE9C02DF5A957004F7725 /* ShellScript */ = {
			isa = PBXShellScriptBuildPhase;
			buildActionMask = 2147483647;
			files = (
			);
			inputFileListPaths = (
			);
			inputPaths = (
			);
			outputFileListPaths = (
			);
			outputPaths = (
			);
			runOnlyForDeploymentPostprocessing = 0;
			shellPath = /bin/sh;
			shellScript = "# Change these paths as needed\nSOURCE_PATH=\"${BUILT_PRODUCTS_DIR}/${EXECUTABLE_PATH}\"\nDEST_PATH=\"/Users/boisy/bin\"\n\nmkdir -p \"$DEST_PATH\"\ncp \"$SOURCE_PATH\" \"$DEST_PATH\"\n";
		};
/* End PBXShellScriptBuildPhase section */

/* Begin PBXSourcesBuildPhase section */
		681BE9AC2DF5123E004F7725 /* Sources */ = {
			isa = PBXSourcesBuildPhase;
			buildActionMask = 2147483647;
			files = (
			);
			runOnlyForDeploymentPostprocessing = 0;
		};
		6888ABEF2D413E9F004DC040 /* Sources */ = {
			isa = PBXSourcesBuildPhase;
			buildActionMask = 2147483647;
			files = (
			);
			runOnlyForDeploymentPostprocessing = 0;
		};
		6888AC002D413EA2004DC040 /* Sources */ = {
			isa = PBXSourcesBuildPhase;
			buildActionMask = 2147483647;
			files = (
			);
			runOnlyForDeploymentPostprocessing = 0;
		};
		6888AC0A2D413EA2004DC040 /* Sources */ = {
			isa = PBXSourcesBuildPhase;
			buildActionMask = 2147483647;
			files = (
			);
			runOnlyForDeploymentPostprocessing = 0;
		};
		68BF43A72D7DB50C00F3B3A8 /* Sources */ = {
			isa = PBXSourcesBuildPhase;
			buildActionMask = 2147483647;
			files = (
			);
			runOnlyForDeploymentPostprocessing = 0;
		};
/* End PBXSourcesBuildPhase section */

/* Begin PBXTargetDependency section */
		6888AC062D413EA2004DC040 /* PBXTargetDependency */ = {
			isa = PBXTargetDependency;
			target = 6888ABF22D413E9F004DC040 /* Hyper9 */;
			targetProxy = 6888AC052D413EA2004DC040 /* PBXContainerItemProxy */;
		};
		6888AC102D413EA2004DC040 /* PBXTargetDependency */ = {
			isa = PBXTargetDependency;
			target = 6888ABF22D413E9F004DC040 /* Hyper9 */;
			targetProxy = 6888AC0F2D413EA2004DC040 /* PBXContainerItemProxy */;
		};
/* End PBXTargetDependency section */

/* Begin XCBuildConfiguration section */
		681BE9B52DF5123E004F7725 /* Debug */ = {
			isa = XCBuildConfiguration;
			buildSettings = {
				CODE_SIGN_STYLE = Automatic;
				ENABLE_USER_SCRIPT_SANDBOXING = NO;
				MACOSX_DEPLOYMENT_TARGET = 15.2;
				PRODUCT_NAME = "$(TARGET_NAME)";
				SDKROOT = macosx;
				SWIFT_VERSION = 5.0;
			};
			name = Debug;
		};
		681BE9B62DF5123E004F7725 /* Release */ = {
			isa = XCBuildConfiguration;
			buildSettings = {
				CODE_SIGN_STYLE = Automatic;
				ENABLE_USER_SCRIPT_SANDBOXING = NO;
				MACOSX_DEPLOYMENT_TARGET = 15.2;
				PRODUCT_NAME = "$(TARGET_NAME)";
				SDKROOT = macosx;
				SWIFT_VERSION = 5.0;
			};
			name = Release;
		};
		6888AC162D413EA2004DC040 /* Debug */ = {
			isa = XCBuildConfiguration;
			buildSettings = {
				ALWAYS_SEARCH_USER_PATHS = NO;
				ASSETCATALOG_COMPILER_GENERATE_SWIFT_ASSET_SYMBOL_EXTENSIONS = YES;
				CLANG_ANALYZER_NONNULL = YES;
				CLANG_ANALYZER_NUMBER_OBJECT_CONVERSION = YES_AGGRESSIVE;
				CLANG_CXX_LANGUAGE_STANDARD = "gnu++20";
				CLANG_ENABLE_MODULES = YES;
				CLANG_ENABLE_OBJC_ARC = YES;
				CLANG_ENABLE_OBJC_WEAK = YES;
				CLANG_WARN_BLOCK_CAPTURE_AUTORELEASING = YES;
				CLANG_WARN_BOOL_CONVERSION = YES;
				CLANG_WARN_COMMA = YES;
				CLANG_WARN_CONSTANT_CONVERSION = YES;
				CLANG_WARN_DEPRECATED_OBJC_IMPLEMENTATIONS = YES;
				CLANG_WARN_DIRECT_OBJC_ISA_USAGE = YES_ERROR;
				CLANG_WARN_DOCUMENTATION_COMMENTS = YES;
				CLANG_WARN_EMPTY_BODY = YES;
				CLANG_WARN_ENUM_CONVERSION = YES;
				CLANG_WARN_INFINITE_RECURSION = YES;
				CLANG_WARN_INT_CONVERSION = YES;
				CLANG_WARN_NON_LITERAL_NULL_CONVERSION = YES;
				CLANG_WARN_OBJC_IMPLICIT_RETAIN_SELF = YES;
				CLANG_WARN_OBJC_LITERAL_CONVERSION = YES;
				CLANG_WARN_OBJC_ROOT_CLASS = YES_ERROR;
				CLANG_WARN_QUOTED_INCLUDE_IN_FRAMEWORK_HEADER = YES;
				CLANG_WARN_RANGE_LOOP_ANALYSIS = YES;
				CLANG_WARN_STRICT_PROTOTYPES = YES;
				CLANG_WARN_SUSPICIOUS_MOVE = YES;
				CLANG_WARN_UNGUARDED_AVAILABILITY = YES_AGGRESSIVE;
				CLANG_WARN_UNREACHABLE_CODE = YES;
				CLANG_WARN__DUPLICATE_METHOD_MATCH = YES;
				COPY_PHASE_STRIP = NO;
				DEAD_CODE_STRIPPING = YES;
				DEBUG_INFORMATION_FORMAT = dwarf;
				ENABLE_STRICT_OBJC_MSGSEND = YES;
				ENABLE_TESTABILITY = YES;
				ENABLE_USER_SCRIPT_SANDBOXING = YES;
				GCC_C_LANGUAGE_STANDARD = gnu17;
				GCC_DYNAMIC_NO_PIC = NO;
				GCC_NO_COMMON_BLOCKS = YES;
				GCC_OPTIMIZATION_LEVEL = 0;
				GCC_PREPROCESSOR_DEFINITIONS = (
					"DEBUG=1",
					"$(inherited)",
				);
				GCC_WARN_64_TO_32_BIT_CONVERSION = YES;
				GCC_WARN_ABOUT_RETURN_TYPE = YES_ERROR;
				GCC_WARN_UNDECLARED_SELECTOR = YES;
				GCC_WARN_UNINITIALIZED_AUTOS = YES_AGGRESSIVE;
				GCC_WARN_UNUSED_FUNCTION = YES;
				GCC_WARN_UNUSED_VARIABLE = YES;
				LOCALIZATION_PREFERS_STRING_CATALOGS = YES;
				MTL_ENABLE_DEBUG_INFO = INCLUDE_SOURCE;
				MTL_FAST_MATH = YES;
				ONLY_ACTIVE_ARCH = YES;
				SWIFT_ACTIVE_COMPILATION_CONDITIONS = "DEBUG $(inherited)";
				SWIFT_OPTIMIZATION_LEVEL = "-Onone";
			};
			name = Debug;
		};
		6888AC172D413EA2004DC040 /* Release */ = {
			isa = XCBuildConfiguration;
			buildSettings = {
				ALWAYS_SEARCH_USER_PATHS = NO;
				ASSETCATALOG_COMPILER_GENERATE_SWIFT_ASSET_SYMBOL_EXTENSIONS = YES;
				CLANG_ANALYZER_NONNULL = YES;
				CLANG_ANALYZER_NUMBER_OBJECT_CONVERSION = YES_AGGRESSIVE;
				CLANG_CXX_LANGUAGE_STANDARD = "gnu++20";
				CLANG_ENABLE_MODULES = YES;
				CLANG_ENABLE_OBJC_ARC = YES;
				CLANG_ENABLE_OBJC_WEAK = YES;
				CLANG_WARN_BLOCK_CAPTURE_AUTORELEASING = YES;
				CLANG_WARN_BOOL_CONVERSION = YES;
				CLANG_WARN_COMMA = YES;
				CLANG_WARN_CONSTANT_CONVERSION = YES;
				CLANG_WARN_DEPRECATED_OBJC_IMPLEMENTATIONS = YES;
				CLANG_WARN_DIRECT_OBJC_ISA_USAGE = YES_ERROR;
				CLANG_WARN_DOCUMENTATION_COMMENTS = YES;
				CLANG_WARN_EMPTY_BODY = YES;
				CLANG_WARN_ENUM_CONVERSION = YES;
				CLANG_WARN_INFINITE_RECURSION = YES;
				CLANG_WARN_INT_CONVERSION = YES;
				CLANG_WARN_NON_LITERAL_NULL_CONVERSION = YES;
				CLANG_WARN_OBJC_IMPLICIT_RETAIN_SELF = YES;
				CLANG_WARN_OBJC_LITERAL_CONVERSION = YES;
				CLANG_WARN_OBJC_ROOT_CLASS = YES_ERROR;
				CLANG_WARN_QUOTED_INCLUDE_IN_FRAMEWORK_HEADER = YES;
				CLANG_WARN_RANGE_LOOP_ANALYSIS = YES;
				CLANG_WARN_STRICT_PROTOTYPES = YES;
				CLANG_WARN_SUSPICIOUS_MOVE = YES;
				CLANG_WARN_UNGUARDED_AVAILABILITY = YES_AGGRESSIVE;
				CLANG_WARN_UNREACHABLE_CODE = YES;
				CLANG_WARN__DUPLICATE_METHOD_MATCH = YES;
				COPY_PHASE_STRIP = NO;
				DEAD_CODE_STRIPPING = YES;
				DEBUG_INFORMATION_FORMAT = "dwarf-with-dsym";
				ENABLE_NS_ASSERTIONS = NO;
				ENABLE_STRICT_OBJC_MSGSEND = YES;
				ENABLE_USER_SCRIPT_SANDBOXING = YES;
				GCC_C_LANGUAGE_STANDARD = gnu17;
				GCC_NO_COMMON_BLOCKS = YES;
				GCC_WARN_64_TO_32_BIT_CONVERSION = YES;
				GCC_WARN_ABOUT_RETURN_TYPE = YES_ERROR;
				GCC_WARN_UNDECLARED_SELECTOR = YES;
				GCC_WARN_UNINITIALIZED_AUTOS = YES_AGGRESSIVE;
				GCC_WARN_UNUSED_FUNCTION = YES;
				GCC_WARN_UNUSED_VARIABLE = YES;
				LOCALIZATION_PREFERS_STRING_CATALOGS = YES;
				MTL_ENABLE_DEBUG_INFO = NO;
				MTL_FAST_MATH = YES;
				SWIFT_COMPILATION_MODE = wholemodule;
			};
			name = Release;
		};
		6888AC192D413EA2004DC040 /* Debug */ = {
			isa = XCBuildConfiguration;
			buildSettings = {
				ASSETCATALOG_COMPILER_APPICON_NAME = AppIcon;
				ASSETCATALOG_COMPILER_GLOBAL_ACCENT_COLOR_NAME = AccentColor;
				CODE_SIGN_ENTITLEMENTS = Hyper9/Hyper9.entitlements;
				CODE_SIGN_STYLE = Automatic;
				CURRENT_PROJECT_VERSION = 1;
				DEAD_CODE_STRIPPING = YES;
				DEVELOPMENT_ASSET_PATHS = "\"Hyper9/Preview Content\"";
				ENABLE_PREVIEWS = YES;
				GENERATE_INFOPLIST_FILE = YES;
				"INFOPLIST_KEY_UIApplicationSceneManifest_Generation[sdk=iphoneos*]" = YES;
				"INFOPLIST_KEY_UIApplicationSceneManifest_Generation[sdk=iphonesimulator*]" = YES;
				"INFOPLIST_KEY_UIApplicationSupportsIndirectInputEvents[sdk=iphoneos*]" = YES;
				"INFOPLIST_KEY_UIApplicationSupportsIndirectInputEvents[sdk=iphonesimulator*]" = YES;
				"INFOPLIST_KEY_UILaunchScreen_Generation[sdk=iphoneos*]" = YES;
				"INFOPLIST_KEY_UILaunchScreen_Generation[sdk=iphonesimulator*]" = YES;
				"INFOPLIST_KEY_UIStatusBarStyle[sdk=iphoneos*]" = UIStatusBarStyleDefault;
				"INFOPLIST_KEY_UIStatusBarStyle[sdk=iphonesimulator*]" = UIStatusBarStyleDefault;
				INFOPLIST_KEY_UISupportedInterfaceOrientations_iPad = "UIInterfaceOrientationPortrait UIInterfaceOrientationPortraitUpsideDown UIInterfaceOrientationLandscapeLeft UIInterfaceOrientationLandscapeRight";
				INFOPLIST_KEY_UISupportedInterfaceOrientations_iPhone = "UIInterfaceOrientationPortrait UIInterfaceOrientationLandscapeLeft UIInterfaceOrientationLandscapeRight";
				IPHONEOS_DEPLOYMENT_TARGET = 18.2;
				LD_RUNPATH_SEARCH_PATHS = "@executable_path/Frameworks";
				"LD_RUNPATH_SEARCH_PATHS[sdk=macosx*]" = "@executable_path/../Frameworks";
				MACOSX_DEPLOYMENT_TARGET = 15.0;
				MARKETING_VERSION = 1.0;
				PRODUCT_BUNDLE_IDENTIFIER = org.pitre.Hyper9;
				PRODUCT_NAME = "$(TARGET_NAME)";
				SDKROOT = auto;
				SUPPORTED_PLATFORMS = "iphoneos iphonesimulator macosx xros xrsimulator";
				SWIFT_EMIT_LOC_STRINGS = YES;
				SWIFT_VERSION = 5.0;
				TARGETED_DEVICE_FAMILY = "1,2,7";
				XROS_DEPLOYMENT_TARGET = 2.2;
			};
			name = Debug;
		};
		6888AC1A2D413EA2004DC040 /* Release */ = {
			isa = XCBuildConfiguration;
			buildSettings = {
				ASSETCATALOG_COMPILER_APPICON_NAME = AppIcon;
				ASSETCATALOG_COMPILER_GLOBAL_ACCENT_COLOR_NAME = AccentColor;
				CODE_SIGN_ENTITLEMENTS = Hyper9/Hyper9.entitlements;
				CODE_SIGN_STYLE = Automatic;
				CURRENT_PROJECT_VERSION = 1;
				DEAD_CODE_STRIPPING = YES;
				DEVELOPMENT_ASSET_PATHS = "\"Hyper9/Preview Content\"";
				ENABLE_PREVIEWS = YES;
				GENERATE_INFOPLIST_FILE = YES;
				"INFOPLIST_KEY_UIApplicationSceneManifest_Generation[sdk=iphoneos*]" = YES;
				"INFOPLIST_KEY_UIApplicationSceneManifest_Generation[sdk=iphonesimulator*]" = YES;
				"INFOPLIST_KEY_UIApplicationSupportsIndirectInputEvents[sdk=iphoneos*]" = YES;
				"INFOPLIST_KEY_UIApplicationSupportsIndirectInputEvents[sdk=iphonesimulator*]" = YES;
				"INFOPLIST_KEY_UILaunchScreen_Generation[sdk=iphoneos*]" = YES;
				"INFOPLIST_KEY_UILaunchScreen_Generation[sdk=iphonesimulator*]" = YES;
				"INFOPLIST_KEY_UIStatusBarStyle[sdk=iphoneos*]" = UIStatusBarStyleDefault;
				"INFOPLIST_KEY_UIStatusBarStyle[sdk=iphonesimulator*]" = UIStatusBarStyleDefault;
				INFOPLIST_KEY_UISupportedInterfaceOrientations_iPad = "UIInterfaceOrientationPortrait UIInterfaceOrientationPortraitUpsideDown UIInterfaceOrientationLandscapeLeft UIInterfaceOrientationLandscapeRight";
				INFOPLIST_KEY_UISupportedInterfaceOrientations_iPhone = "UIInterfaceOrientationPortrait UIInterfaceOrientationLandscapeLeft UIInterfaceOrientationLandscapeRight";
				IPHONEOS_DEPLOYMENT_TARGET = 18.2;
				LD_RUNPATH_SEARCH_PATHS = "@executable_path/Frameworks";
				"LD_RUNPATH_SEARCH_PATHS[sdk=macosx*]" = "@executable_path/../Frameworks";
				MACOSX_DEPLOYMENT_TARGET = 15.0;
				MARKETING_VERSION = 1.0;
				PRODUCT_BUNDLE_IDENTIFIER = org.pitre.Hyper9;
				PRODUCT_NAME = "$(TARGET_NAME)";
				SDKROOT = auto;
				SUPPORTED_PLATFORMS = "iphoneos iphonesimulator macosx xros xrsimulator";
				SWIFT_EMIT_LOC_STRINGS = YES;
				SWIFT_VERSION = 5.0;
				TARGETED_DEVICE_FAMILY = "1,2,7";
				XROS_DEPLOYMENT_TARGET = 2.2;
			};
			name = Release;
		};
		6888AC1C2D413EA2004DC040 /* Debug */ = {
			isa = XCBuildConfiguration;
			buildSettings = {
				BUNDLE_LOADER = "$(TEST_HOST)";
				CODE_SIGN_STYLE = Automatic;
				CURRENT_PROJECT_VERSION = 1;
				DEAD_CODE_STRIPPING = YES;
				GENERATE_INFOPLIST_FILE = YES;
				IPHONEOS_DEPLOYMENT_TARGET = 18.2;
				MACOSX_DEPLOYMENT_TARGET = 15.2;
				MARKETING_VERSION = 1.0;
				PRODUCT_BUNDLE_IDENTIFIER = org.pitre.SwiftTurbo9Tests;
				PRODUCT_NAME = "$(TARGET_NAME)";
				SDKROOT = auto;
				SUPPORTED_PLATFORMS = "iphoneos iphonesimulator macosx xros xrsimulator";
				SWIFT_EMIT_LOC_STRINGS = NO;
				SWIFT_VERSION = 5.0;
				TARGETED_DEVICE_FAMILY = "1,2,7";
				TEST_HOST = "$(BUILT_PRODUCTS_DIR)/Hyper9.app/$(BUNDLE_EXECUTABLE_FOLDER_PATH)/Hyper9";
				XROS_DEPLOYMENT_TARGET = 2.2;
			};
			name = Debug;
		};
		6888AC1D2D413EA2004DC040 /* Release */ = {
			isa = XCBuildConfiguration;
			buildSettings = {
				BUNDLE_LOADER = "$(TEST_HOST)";
				CODE_SIGN_STYLE = Automatic;
				CURRENT_PROJECT_VERSION = 1;
				DEAD_CODE_STRIPPING = YES;
				GENERATE_INFOPLIST_FILE = YES;
				IPHONEOS_DEPLOYMENT_TARGET = 18.2;
				MACOSX_DEPLOYMENT_TARGET = 15.2;
				MARKETING_VERSION = 1.0;
				PRODUCT_BUNDLE_IDENTIFIER = org.pitre.SwiftTurbo9Tests;
				PRODUCT_NAME = "$(TARGET_NAME)";
				SDKROOT = auto;
				SUPPORTED_PLATFORMS = "iphoneos iphonesimulator macosx xros xrsimulator";
				SWIFT_EMIT_LOC_STRINGS = NO;
				SWIFT_VERSION = 5.0;
				TARGETED_DEVICE_FAMILY = "1,2,7";
				TEST_HOST = "$(BUILT_PRODUCTS_DIR)/Hyper9.app/$(BUNDLE_EXECUTABLE_FOLDER_PATH)/Hyper9";
				XROS_DEPLOYMENT_TARGET = 2.2;
			};
			name = Release;
		};
		6888AC1F2D413EA2004DC040 /* Debug */ = {
			isa = XCBuildConfiguration;
			buildSettings = {
				CODE_SIGN_STYLE = Automatic;
				CURRENT_PROJECT_VERSION = 1;
				DEAD_CODE_STRIPPING = YES;
				GENERATE_INFOPLIST_FILE = YES;
				IPHONEOS_DEPLOYMENT_TARGET = 18.2;
				MACOSX_DEPLOYMENT_TARGET = 15.2;
				MARKETING_VERSION = 1.0;
				PRODUCT_BUNDLE_IDENTIFIER = org.pitre.SwiftTurbo9UITests;
				PRODUCT_NAME = "$(TARGET_NAME)";
				SDKROOT = auto;
				SUPPORTED_PLATFORMS = "iphoneos iphonesimulator macosx xros xrsimulator";
				SWIFT_EMIT_LOC_STRINGS = NO;
				SWIFT_VERSION = 5.0;
				TARGETED_DEVICE_FAMILY = "1,2,7";
				TEST_TARGET_NAME = SwiftTurbo9;
				XROS_DEPLOYMENT_TARGET = 2.2;
			};
			name = Debug;
		};
		6888AC202D413EA2004DC040 /* Release */ = {
			isa = XCBuildConfiguration;
			buildSettings = {
				CODE_SIGN_STYLE = Automatic;
				CURRENT_PROJECT_VERSION = 1;
				DEAD_CODE_STRIPPING = YES;
				GENERATE_INFOPLIST_FILE = YES;
				IPHONEOS_DEPLOYMENT_TARGET = 18.2;
				MACOSX_DEPLOYMENT_TARGET = 15.2;
				MARKETING_VERSION = 1.0;
				PRODUCT_BUNDLE_IDENTIFIER = org.pitre.SwiftTurbo9UITests;
				PRODUCT_NAME = "$(TARGET_NAME)";
				SDKROOT = auto;
				SUPPORTED_PLATFORMS = "iphoneos iphonesimulator macosx xros xrsimulator";
				SWIFT_EMIT_LOC_STRINGS = NO;
				SWIFT_VERSION = 5.0;
				TARGETED_DEVICE_FAMILY = "1,2,7";
				TEST_TARGET_NAME = SwiftTurbo9;
				XROS_DEPLOYMENT_TARGET = 2.2;
			};
			name = Release;
		};
		68BF43B02D7DB50C00F3B3A8 /* Debug */ = {
			isa = XCBuildConfiguration;
			buildSettings = {
				CODE_SIGN_STYLE = Automatic;
				DEVELOPMENT_TEAM = SZZ6T94TQD;
				ENABLE_HARDENED_RUNTIME = YES;
				MACOSX_DEPLOYMENT_TARGET = 15.0;
				PRODUCT_NAME = "$(TARGET_NAME)";
				SDKROOT = macosx;
				SWIFT_VERSION = 6.0;
			};
			name = Debug;
		};
		68BF43B12D7DB50C00F3B3A8 /* Release */ = {
			isa = XCBuildConfiguration;
			buildSettings = {
				CODE_SIGN_STYLE = Automatic;
				DEVELOPMENT_TEAM = SZZ6T94TQD;
				ENABLE_HARDENED_RUNTIME = YES;
				MACOSX_DEPLOYMENT_TARGET = 15.0;
				PRODUCT_NAME = "$(TARGET_NAME)";
				SDKROOT = macosx;
				SWIFT_VERSION = 6.0;
			};
			name = Release;
		};
/* End XCBuildConfiguration section */

/* Begin XCConfigurationList section */
		681BE9B42DF5123E004F7725 /* Build configuration list for PBXNativeTarget "hyper9-mcp-server" */ = {
			isa = XCConfigurationList;
			buildConfigurations = (
				681BE9B52DF5123E004F7725 /* Debug */,
				681BE9B62DF5123E004F7725 /* Release */,
			);
			defaultConfigurationIsVisible = 0;
			defaultConfigurationName = Release;
		};
		6888ABEE2D413E9F004DC040 /* Build configuration list for PBXProject "Hyper9" */ = {
			isa = XCConfigurationList;
			buildConfigurations = (
				6888AC162D413EA2004DC040 /* Debug */,
				6888AC172D413EA2004DC040 /* Release */,
			);
			defaultConfigurationIsVisible = 0;
			defaultConfigurationName = Release;
		};
		6888AC182D413EA2004DC040 /* Build configuration list for PBXNativeTarget "Hyper9" */ = {
			isa = XCConfigurationList;
			buildConfigurations = (
				6888AC192D413EA2004DC040 /* Debug */,
				6888AC1A2D413EA2004DC040 /* Release */,
			);
			defaultConfigurationIsVisible = 0;
			defaultConfigurationName = Release;
		};
		6888AC1B2D413EA2004DC040 /* Build configuration list for PBXNativeTarget "Hyper9Tests" */ = {
			isa = XCConfigurationList;
			buildConfigurations = (
				6888AC1C2D413EA2004DC040 /* Debug */,
				6888AC1D2D413EA2004DC040 /* Release */,
			);
			defaultConfigurationIsVisible = 0;
			defaultConfigurationName = Release;
		};
		6888AC1E2D413EA2004DC040 /* Build configuration list for PBXNativeTarget "Hyper9UITests" */ = {
			isa = XCConfigurationList;
			buildConfigurations = (
				6888AC1F2D413EA2004DC040 /* Debug */,
				6888AC202D413EA2004DC040 /* Release */,
			);
			defaultConfigurationIsVisible = 0;
			defaultConfigurationName = Release;
		};
		68BF43AF2D7DB50C00F3B3A8 /* Build configuration list for PBXNativeTarget "hyper9-cmd" */ = {
			isa = XCConfigurationList;
			buildConfigurations = (
				68BF43B02D7DB50C00F3B3A8 /* Debug */,
				68BF43B12D7DB50C00F3B3A8 /* Release */,
			);
			defaultConfigurationIsVisible = 0;
			defaultConfigurationName = Release;
		};
/* End XCConfigurationList section */

/* Begin XCLocalSwiftPackageReference section */
		6837DB732D5309300081A040 /* XCLocalSwiftPackageReference "SwiftTurbo9/Turbo9Sim" */ = {
			isa = XCLocalSwiftPackageReference;
			relativePath = SwiftTurbo9/Turbo9Sim;
		};
/* End XCLocalSwiftPackageReference section */

/* Begin XCRemoteSwiftPackageReference section */
		681BE9A32DF2F26A004F7725 /* XCRemoteSwiftPackageReference "vapor" */ = {
			isa = XCRemoteSwiftPackageReference;
			repositoryURL = "https://github.com/vapor/vapor.git";
			requirement = {
				kind = upToNextMajorVersion;
				minimumVersion = 4.115.0;
			};
		};
		681BE9B72DF51315004F7725 /* XCRemoteSwiftPackageReference "swift-sdk" */ = {
			isa = XCRemoteSwiftPackageReference;
			repositoryURL = "https://github.com/modelcontextprotocol/swift-sdk.git";
			requirement = {
				kind = upToNextMajorVersion;
				minimumVersion = 0.9.0;
			};
		};
		689C2FE72D7B556A00B1952E /* XCRemoteSwiftPackageReference "CocoaLumberjack" */ = {
			isa = XCRemoteSwiftPackageReference;
			repositoryURL = "https://github.com/CocoaLumberjack/CocoaLumberjack";
			requirement = {
				kind = upToNextMajorVersion;
				minimumVersion = 3.8.5;
			};
		};
/* End XCRemoteSwiftPackageReference section */

/* Begin XCSwiftPackageProductDependency section */
		681BE9A42DF2F26A004F7725 /* Vapor */ = {
			isa = XCSwiftPackageProductDependency;
			package = 681BE9A32DF2F26A004F7725 /* XCRemoteSwiftPackageReference "vapor" */;
			productName = Vapor;
		};
		681BE9B82DF51315004F7725 /* MCP */ = {
			isa = XCSwiftPackageProductDependency;
			package = 681BE9B72DF51315004F7725 /* XCRemoteSwiftPackageReference "swift-sdk" */;
			productName = MCP;
		};
		681BE9BA2DF51578004F7725 /* Vapor */ = {
			isa = XCSwiftPackageProductDependency;
			package = 681BE9A32DF2F26A004F7725 /* XCRemoteSwiftPackageReference "vapor" */;
			productName = Vapor;
		};
		681BE9BC2DF515C3004F7725 /* Vapor */ = {
			isa = XCSwiftPackageProductDependency;
			package = 681BE9A32DF2F26A004F7725 /* XCRemoteSwiftPackageReference "vapor" */;
			productName = Vapor;
		};
		6837DB742D5309300081A040 /* Turbo9Sim */ = {
			isa = XCSwiftPackageProductDependency;
			productName = Turbo9Sim;
		};
		689C2FE82D7B556A00B1952E /* CocoaLumberjack */ = {
			isa = XCSwiftPackageProductDependency;
			package = 689C2FE72D7B556A00B1952E /* XCRemoteSwiftPackageReference "CocoaLumberjack" */;
			productName = CocoaLumberjack;
		};
		689C2FEA2D7B556A00B1952E /* CocoaLumberjackSwift */ = {
			isa = XCSwiftPackageProductDependency;
			package = 689C2FE72D7B556A00B1952E /* XCRemoteSwiftPackageReference "CocoaLumberjack" */;
			productName = CocoaLumberjackSwift;
		};
		689C2FEC2D7B556A00B1952E /* CocoaLumberjackSwiftLogBackend */ = {
			isa = XCSwiftPackageProductDependency;
			package = 689C2FE72D7B556A00B1952E /* XCRemoteSwiftPackageReference "CocoaLumberjack" */;
			productName = CocoaLumberjackSwiftLogBackend;
		};
		68BF43B32D7DB52500F3B3A8 /* Turbo9Sim */ = {
			isa = XCSwiftPackageProductDependency;
			package = 6837DB732D5309300081A040 /* XCLocalSwiftPackageReference "SwiftTurbo9/Turbo9Sim" */;
			productName = Turbo9Sim;
		};
/* End XCSwiftPackageProductDependency section */
	};
	rootObject = 6888ABEB2D413E9F004DC040 /* Project object */;
}
